PODS:
  - Flutter (1.0.0)
  - flutter_beacon (0.3.0):
    - Flutter
  - flutter_ble_peripheral (0.0.3):
    - Flutter

DEPENDENCIES:
  - Flutter (from `Flutter`)
  - flutter_beacon (from `.symlinks/plugins/flutter_beacon/ios`)
  - flutter_ble_peripheral (from `.symlinks/plugins/flutter_ble_peripheral/ios`)

EXTERNAL SOURCES:
  Flutter:
    :path: Flutter
  flutter_beacon:
    :path: ".symlinks/plugins/flutter_beacon/ios"
  flutter_ble_peripheral:
    :path: ".symlinks/plugins/flutter_ble_peripheral/ios"

SPEC CHECKSUMS:
  Flutter: 71a624a5bc0c04062bf19101d501e466baf2fb47
  flutter_beacon: 77b4a6a3ac38b761bf4ed9beb6b3becc819aae12
  flutter_ble_peripheral: 6241cd70cab105c88472f4260976ee7292523909

PODFILE CHECKSUM: 3ba3a73b1b12adcf321a227a745625fe0888cc82

COCOAPODS: 1.17.0
